
Microsoft Visual Studio Solution File, Format Version 12.00
# Visual Studio Version 16
VisualStudioVersion = 16.0.31129.286
MinimumVisualStudioVersion = 10.0.40219.1
Project("{9A19103F-16F7-4668-BE54-9A1E7A4F7556}") = "BookListing_Core_POC", "BookListing_Core_POC.csproj", "{6C6FB771-95BC-4D24-A4D2-A7556FF4EBFC}"
EndProject
Global
	GlobalSection(SolutionConfigurationPlatforms) = preSolution
		Debug|Any CPU = Debug|Any CPU
		Release|Any CPU = Release|Any CPU
	EndGlobalSection
	GlobalSection(ProjectConfigurationPlatforms) = postSolution
		{6C6FB771-95BC-4D24-A4D2-A7556FF4EBFC}.Debug|Any CPU.ActiveCfg = Debug|Any CPU
		{6C6FB771-95BC-4D24-A4D2-A7556FF4EBFC}.Debug|Any CPU.Build.0 = Debug|Any CPU
		{6C6FB771-95BC-4D24-A4D2-A7556FF4EBFC}.Release|Any CPU.ActiveCfg = Release|Any CPU
		{6C6FB771-95BC-4D24-A4D2-A7556FF4EBFC}.Release|Any CPU.Build.0 = Release|Any CPU
	EndGlobalSection
	GlobalSection(SolutionProperties) = preSolution
		HideSolutionNode = FALSE
	EndGlobalSection
	GlobalSection(ExtensibilityGlobals) = postSolution
		SolutionGuid = {6379541B-9D5C-4C42-A645-C5F9F4D862AC}
	EndGlobalSection
EndGlobal
